
Microsoft Visual Studio Solution File, Format Version 12.00
# Visual Studio Version 17
VisualStudioVersion = 17.8.34511.84
MinimumVisualStudioVersion = 10.0.40219.1
Project("{9A19103F-16F7-4668-BE54-9A1E7A4F7556}") = "DungeonApp", "DungeonApp\DungeonApp.csproj", "{193A2840-16F9-402D-9F4D-9D734C841D6C}"
EndProject
Project("{9A19103F-16F7-4668-BE54-9A1E7A4F7556}") = "DungeonLibrary", "DungeonLibrary\DungeonLibrary.csproj", "{609E85C2-14A8-4C60-A803-B646216FD30F}"
EndProject
Project("{FAE04EC0-301F-11D3-BF4B-00C04F79EFBC}") = "DungeonTests", "DungeonTests\DungeonTests.csproj", "{8DB872BC-04B1-47E6-B893-760D13365388}"
EndProject
Global
	GlobalSection(SolutionConfigurationPlatforms) = preSolution
		Debug|Any CPU = Debug|Any CPU
		Release|Any CPU = Release|Any CPU
	EndGlobalSection
	GlobalSection(ProjectConfigurationPlatforms) = postSolution
		{193A2840-16F9-402D-9F4D-9D734C841D6C}.Debug|Any CPU.ActiveCfg = Debug|Any CPU
		{193A2840-16F9-402D-9F4D-9D734C841D6C}.Debug|Any CPU.Build.0 = Debug|Any CPU
		{193A2840-16F9-402D-9F4D-9D734C841D6C}.Release|Any CPU.ActiveCfg = Release|Any CPU
		{193A2840-16F9-402D-9F4D-9D734C841D6C}.Release|Any CPU.Build.0 = Release|Any CPU
		{609E85C2-14A8-4C60-A803-B646216FD30F}.Debug|Any CPU.ActiveCfg = Debug|Any CPU
		{609E85C2-14A8-4C60-A803-B646216FD30F}.Debug|Any CPU.Build.0 = Debug|Any CPU
		{609E85C2-14A8-4C60-A803-B646216FD30F}.Release|Any CPU.ActiveCfg = Release|Any CPU
		{609E85C2-14A8-4C60-A803-B646216FD30F}.Release|Any CPU.Build.0 = Release|Any CPU
		{8DB872BC-04B1-47E6-B893-760D13365388}.Debug|Any CPU.ActiveCfg = Debug|Any CPU
		{8DB872BC-04B1-47E6-B893-760D13365388}.Debug|Any CPU.Build.0 = Debug|Any CPU
		{8DB872BC-04B1-47E6-B893-760D13365388}.Release|Any CPU.ActiveCfg = Release|Any CPU
		{8DB872BC-04B1-47E6-B893-760D13365388}.Release|Any CPU.Build.0 = Release|Any CPU
	EndGlobalSection
	GlobalSection(SolutionProperties) = preSolution
		HideSolutionNode = FALSE
	EndGlobalSection
	GlobalSection(ExtensibilityGlobals) = postSolution
		SolutionGuid = {82AB4A28-71D0-44B0-AFF5-EBF74CDE01D5}
	EndGlobalSection
EndGlobal
